{
  "name": "@orca-so/whirlpools-rust-client",
  "version": "0.0.1",
  "lockfileVersion": 3,
  "requires": true,
  "packages": {
    "": {
      "name": "@orca-so/whirlpools-rust-client",
      "version": "0.0.1",
      "license": "ISC",
      "devDependencies": {
        "@codama/nodes-from-anchor": "^1.0.0",
        "@codama/renderers-rust": "^1.0.3",
        "codama": "^1.0.0"
      }
    },
    "node_modules/@codama/errors": {
      "version": "1.1.0",
      "resolved": "https://registry.npmjs.org/@codama/errors/-/errors-1.1.0.tgz",
      "integrity": "sha512-njLWTPYgz5uJP02617CX0BZCHGHrHnQvKroU0z4YcJZiaMQlw3VLzb+e2ZU2X+uVpp+3ITJZ9yexuoEhJBVQdQ==",
      "dev": true,
      "dependencies": {
        "@codama/node-types": "1.1.0",
        "chalk": "^5.3.0",
        "commander": "^12.1.0"
      },
      "bin": {
        "errors": "bin/cli.mjs"
      }
    },
    "node_modules/@codama/node-types": {
      "version": "1.1.0",
      "resolved": "https://registry.npmjs.org/@codama/node-types/-/node-types-1.1.0.tgz",
      "integrity": "sha512-+J6E0didCY0+8dr2vI6ag+FMaMr3SemvXJYKOhxKEJ6HXR/J+7cddpptXyrIhLa8R2Kw0yzIG9VjAlUGL7u8OQ==",
      "dev": true
    },
    "node_modules/@codama/nodes": {
      "version": "1.1.0",
      "resolved": "https://registry.npmjs.org/@codama/nodes/-/nodes-1.1.0.tgz",
      "integrity": "sha512-a6lX45CqfvdU5jKx63zWVEUbyAjEKqjye3EkboKNEJIM0RDmDwtTqNuQBR8HHx9nO7EBPypxYOXtGpmVXg0xYw==",
      "dev": true,
      "dependencies": {
        "@codama/errors": "1.1.0",
        "@codama/node-types": "1.1.0"
      }
    },
    "node_modules/@codama/nodes-from-anchor": {
      "version": "1.0.1",
      "resolved": "https://registry.npmjs.org/@codama/nodes-from-anchor/-/nodes-from-anchor-1.0.1.tgz",
      "integrity": "sha512-9sITAJyWxjbuBqeSmiA/AzN15+65KvycPJmc0ReWWsbqBCblr0A5jeA/zFbfILRFcu6MVyJXpQvl42FZ/vAL1g==",
      "dev": true,
      "dependencies": {
        "@codama/errors": "1.1.0",
        "@codama/nodes": "1.1.0",
        "@codama/visitors": "1.1.0",
        "@noble/hashes": "^1.5.0"
      }
    },
    "node_modules/@codama/renderers-core": {
      "version": "1.0.1",
      "resolved": "https://registry.npmjs.org/@codama/renderers-core/-/renderers-core-1.0.1.tgz",
      "integrity": "sha512-EOOQx2s5t6huVJRXwwLC6adyqSuDPVKIWXiDhy5uyJBRlNk18/vb4OmVoXTIWb6mS64m/j0DuyrWJWzIUUJ84w==",
      "dev": true,
      "dependencies": {
        "@codama/errors": "1.1.0",
        "@codama/nodes": "1.1.0",
        "@codama/visitors-core": "1.1.0"
      }
    },
    "node_modules/@codama/renderers-rust": {
      "version": "1.0.4",
      "resolved": "https://registry.npmjs.org/@codama/renderers-rust/-/renderers-rust-1.0.4.tgz",
      "integrity": "sha512-+THq6bCInn30dKEGGNrilnbaitA8A3pOjfsqwka/i3Aip5x5At6lk7VcQwoWzDvvcy/2FHaOVi3hmlc28d8maw==",
      "dev": true,
      "dependencies": {
        "@codama/errors": "1.1.0",
        "@codama/nodes": "1.1.0",
        "@codama/renderers-core": "1.0.1",
        "@codama/visitors-core": "1.1.0",
        "@solana/codecs-strings": "rc",
        "nunjucks": "^3.2.4"
      }
    },
    "node_modules/@codama/validators": {
      "version": "1.1.0",
      "resolved": "https://registry.npmjs.org/@codama/validators/-/validators-1.1.0.tgz",
      "integrity": "sha512-TVzTjN2m1bGauLnqJE12lZfZf1L2C9Hal7/i0sjNmtc3UbUL7pIH5Rp4bFSyfDuyhMD0JfxtJqr3YlK6yXoqkA==",
      "dev": true,
      "dependencies": {
        "@codama/errors": "1.1.0",
        "@codama/nodes": "1.1.0",
        "@codama/visitors-core": "1.1.0"
      }
    },
    "node_modules/@codama/visitors": {
      "version": "1.1.0",
      "resolved": "https://registry.npmjs.org/@codama/visitors/-/visitors-1.1.0.tgz",
      "integrity": "sha512-QpAShuxemS8oplHDXNqnUnYwhJq58RZjfZ/KMIpdm88OCBnQRO4YfM/zQLEvXjA+tpwJpe4WnL6opTLLnSYThw==",
      "dev": true,
      "dependencies": {
        "@codama/errors": "1.1.0",
        "@codama/nodes": "1.1.0",
        "@codama/visitors-core": "1.1.0"
      }
    },
    "node_modules/@codama/visitors-core": {
      "version": "1.1.0",
      "resolved": "https://registry.npmjs.org/@codama/visitors-core/-/visitors-core-1.1.0.tgz",
      "integrity": "sha512-NBJAgGmVdFIWHDsKSKjTYbIfSZRyRzgqPzmHFgRIRjy4Uw63zOwP5Yk1bctWrP6YRlGjrTunfVkOIA6QiVr6lg==",
      "dev": true,
      "dependencies": {
        "@codama/errors": "1.1.0",
        "@codama/nodes": "1.1.0",
        "json-stable-stringify": "^1.1.1"
      }
    },
    "node_modules/@noble/hashes": {
      "version": "1.6.1",
      "resolved": "https://registry.npmjs.org/@noble/hashes/-/hashes-1.6.1.tgz",
      "integrity": "sha512-pq5D8h10hHBjyqX+cfBm0i8JUXJ0UhczFc4r74zbuT9XgewFo2E3J1cOaGtdZynILNmQ685YWGzGE1Zv6io50w==",
      "dev": true,
      "engines": {
        "node": "^14.21.3 || >=16"
      },
      "funding": {
        "url": "https://paulmillr.com/funding/"
      }
    },
    "node_modules/@solana/codecs-core": {
      "version": "2.0.0-rc.4",
      "resolved": "https://registry.npmjs.org/@solana/codecs-core/-/codecs-core-2.0.0-rc.4.tgz",
      "integrity": "sha512-JIrTSps032mSE3wBxW3bXOqWfoy4CMy1CX/XeVCijyh5kLVxZTSDIdRTYdePdL1yzaOZF1Xysvt1DhOUgBdM+A==",
      "dev": true,
      "dependencies": {
        "@solana/errors": "2.0.0-rc.4"
      },
      "engines": {
        "node": ">=20.18.0"
      },
      "peerDependencies": {
        "typescript": ">=5"
      }
    },
    "node_modules/@solana/codecs-numbers": {
      "version": "2.0.0-rc.4",
      "resolved": "https://registry.npmjs.org/@solana/codecs-numbers/-/codecs-numbers-2.0.0-rc.4.tgz",
      "integrity": "sha512-ZJR7TaUO65+3Hzo3YOOUCS0wlzh17IW+j0MZC2LCk1R0woaypRpHKj4iSMYeQOZkMxsd9QT3WNvjFrPC2qA6Sw==",
      "dev": true,
      "dependencies": {
        "@solana/codecs-core": "2.0.0-rc.4",
        "@solana/errors": "2.0.0-rc.4"
      },
      "engines": {
        "node": ">=20.18.0"
      },
      "peerDependencies": {
        "typescript": ">=5"
      }
    },
    "node_modules/@solana/codecs-strings": {
      "version": "2.0.0-rc.4",
      "resolved": "https://registry.npmjs.org/@solana/codecs-strings/-/codecs-strings-2.0.0-rc.4.tgz",
      "integrity": "sha512-LGfK2RL0BKjYYUfzu2FG/gTgCsYOMz9FKVs2ntji6WneZygPxJTV5W98K3J8Rl0JewpCSCFQH3xjLSHBJUS0fA==",
      "dev": true,
      "dependencies": {
        "@solana/codecs-core": "2.0.0-rc.4",
        "@solana/codecs-numbers": "2.0.0-rc.4",
        "@solana/errors": "2.0.0-rc.4"
      },
      "engines": {
        "node": ">=20.18.0"
      },
      "peerDependencies": {
        "fastestsmallesttextencoderdecoder": "^1.0.22",
        "typescript": ">=5"
      }
    },
    "node_modules/@solana/errors": {
      "version": "2.0.0-rc.4",
      "resolved": "https://registry.npmjs.org/@solana/errors/-/errors-2.0.0-rc.4.tgz",
      "integrity": "sha512-0PPaMyB81keEHG/1pnyEuiBVKctbXO641M2w3CIOrYT/wzjunfF0FTxsqq9wYJeYo0AyiefCKGgSPs6wiY2PpQ==",
      "dev": true,
      "dependencies": {
        "chalk": "^5.3.0",
        "commander": "^12.1.0"
      },
      "bin": {
        "errors": "bin/cli.mjs"
      },
      "engines": {
        "node": ">=20.18.0"
      },
      "peerDependencies": {
        "typescript": ">=5"
      }
    },
    "node_modules/a-sync-waterfall": {
      "version": "1.0.1",
      "resolved": "https://registry.npmjs.org/a-sync-waterfall/-/a-sync-waterfall-1.0.1.tgz",
      "integrity": "sha512-RYTOHHdWipFUliRFMCS4X2Yn2X8M87V/OpSqWzKKOGhzqyUxzyVmhHDH9sAvG+ZuQf/TAOFsLCpMw09I1ufUnA==",
      "dev": true
    },
    "node_modules/asap": {
      "version": "2.0.6",
      "resolved": "https://registry.npmjs.org/asap/-/asap-2.0.6.tgz",
      "integrity": "sha512-BSHWgDSAiKs50o2Re8ppvp3seVHXSRM44cdSsT9FfNEUUZLOGWVCsiWaRPWM1Znn+mqZ1OfVZ3z3DWEzSp7hRA==",
      "dev": true
    },
    "node_modules/call-bind": {
      "version": "1.0.8",
      "resolved": "https://registry.npmjs.org/call-bind/-/call-bind-1.0.8.tgz",
      "integrity": "sha512-oKlSFMcMwpUg2ednkhQ454wfWiU/ul3CkJe/PEHcTKuiX6RpbehUiFMXu13HalGZxfUwCQzZG747YXBn1im9ww==",
      "dev": true,
      "dependencies": {
        "call-bind-apply-helpers": "^1.0.0",
        "es-define-property": "^1.0.0",
        "get-intrinsic": "^1.2.4",
        "set-function-length": "^1.2.2"
      },
      "engines": {
        "node": ">= 0.4"
      },
      "funding": {
        "url": "https://github.com/sponsors/ljharb"
      }
    },
    "node_modules/call-bind-apply-helpers": {
      "version": "1.0.1",
      "resolved": "https://registry.npmjs.org/call-bind-apply-helpers/-/call-bind-apply-helpers-1.0.1.tgz",
      "integrity": "sha512-BhYE+WDaywFg2TBWYNXAE+8B1ATnThNBqXHP5nQu0jWJdVvY2hvkpyB3qOmtmDePiS5/BDQ8wASEWGMWRG148g==",
      "dev": true,
      "dependencies": {
        "es-errors": "^1.3.0",
        "function-bind": "^1.1.2"
      },
      "engines": {
        "node": ">= 0.4"
      }
    },
    "node_modules/chalk": {
      "version": "5.3.0",
      "resolved": "https://registry.npmjs.org/chalk/-/chalk-5.3.0.tgz",
      "integrity": "sha512-dLitG79d+GV1Nb/VYcCDFivJeK1hiukt9QjRNVOsUtTy1rR1YJsmpGGTZ3qJos+uw7WmWF4wUwBd9jxjocFC2w==",
      "dev": true,
      "engines": {
        "node": "^12.17.0 || ^14.13 || >=16.0.0"
      },
      "funding": {
        "url": "https://github.com/chalk/chalk?sponsor=1"
      }
    },
    "node_modules/codama": {
      "version": "1.1.0",
      "resolved": "https://registry.npmjs.org/codama/-/codama-1.1.0.tgz",
      "integrity": "sha512-dr0iTND6q9goY0CwNmX5tk53iJ/KhziN/js/x2g4Dvl5K6tUGy+iR20yeBYw8lq1rwUDIocOEgKVq/HcKOI9yA==",
      "dev": true,
      "dependencies": {
        "@codama/errors": "1.1.0",
        "@codama/nodes": "1.1.0",
        "@codama/validators": "1.1.0",
        "@codama/visitors": "1.1.0"
      }
    },
    "node_modules/commander": {
      "version": "12.1.0",
      "resolved": "https://registry.npmjs.org/commander/-/commander-12.1.0.tgz",
      "integrity": "sha512-Vw8qHK3bZM9y/P10u3Vib8o/DdkvA2OtPtZvD871QKjy74Wj1WSKFILMPRPSdUSx5RFK1arlJzEtA4PkFgnbuA==",
      "dev": true,
      "engines": {
        "node": ">=18"
      }
    },
    "node_modules/define-data-property": {
      "version": "1.1.4",
      "resolved": "https://registry.npmjs.org/define-data-property/-/define-data-property-1.1.4.tgz",
      "integrity": "sha512-rBMvIzlpA8v6E+SJZoo++HAYqsLrkg7MSfIinMPFhmkorw7X+dOXVJQs+QT69zGkzMyfDnIMN2Wid1+NbL3T+A==",
      "dev": true,
      "dependencies": {
        "es-define-property": "^1.0.0",
        "es-errors": "^1.3.0",
        "gopd": "^1.0.1"
      },
      "engines": {
        "node": ">= 0.4"
      },
      "funding": {
        "url": "https://github.com/sponsors/ljharb"
      }
    },
    "node_modules/dunder-proto": {
      "version": "1.0.0",
      "resolved": "https://registry.npmjs.org/dunder-proto/-/dunder-proto-1.0.0.tgz",
      "integrity": "sha512-9+Sj30DIu+4KvHqMfLUGLFYL2PkURSYMVXJyXe92nFRvlYq5hBjLEhblKB+vkd/WVlUYMWigiY07T91Fkk0+4A==",
      "dev": true,
      "dependencies": {
        "call-bind-apply-helpers": "^1.0.0",
        "es-errors": "^1.3.0",
        "gopd": "^1.2.0"
      },
      "engines": {
        "node": ">= 0.4"
      }
    },
    "node_modules/es-define-property": {
      "version": "1.0.1",
      "resolved": "https://registry.npmjs.org/es-define-property/-/es-define-property-1.0.1.tgz",
      "integrity": "sha512-e3nRfgfUZ4rNGL232gUgX06QNyyez04KdjFrF+LTRoOXmrOgFKDg4BCdsjW8EnT69eqdYGmRpJwiPVYNrCaW3g==",
      "dev": true,
      "engines": {
        "node": ">= 0.4"
      }
    },
    "node_modules/es-errors": {
      "version": "1.3.0",
      "resolved": "https://registry.npmjs.org/es-errors/-/es-errors-1.3.0.tgz",
      "integrity": "sha512-Zf5H2Kxt2xjTvbJvP2ZWLEICxA6j+hAmMzIlypy4xcBg1vKVnx89Wy0GbS+kf5cwCVFFzdCFh2XSCFNULS6csw==",
      "dev": true,
      "engines": {
        "node": ">= 0.4"
      }
    },
    "node_modules/fastestsmallesttextencoderdecoder": {
      "version": "1.0.22",
      "resolved": "https://registry.npmjs.org/fastestsmallesttextencoderdecoder/-/fastestsmallesttextencoderdecoder-1.0.22.tgz",
      "integrity": "sha512-Pb8d48e+oIuY4MaM64Cd7OW1gt4nxCHs7/ddPPZ/Ic3sg8yVGM7O9wDvZ7us6ScaUupzM+pfBolwtYhN1IxBIw==",
      "dev": true,
      "peer": true
    },
    "node_modules/function-bind": {
      "version": "1.1.2",
      "resolved": "https://registry.npmjs.org/function-bind/-/function-bind-1.1.2.tgz",
      "integrity": "sha512-7XHNxH7qX9xG5mIwxkhumTox/MIRNcOgDrxWsMt2pAr23WHp6MrRlN7FBSFpCpr+oVO0F744iUgR82nJMfG2SA==",
      "dev": true,
      "funding": {
        "url": "https://github.com/sponsors/ljharb"
      }
    },
    "node_modules/get-intrinsic": {
      "version": "1.2.5",
      "resolved": "https://registry.npmjs.org/get-intrinsic/-/get-intrinsic-1.2.5.tgz",
      "integrity": "sha512-Y4+pKa7XeRUPWFNvOOYHkRYrfzW07oraURSvjDmRVOJ748OrVmeXtpE4+GCEHncjCjkTxPNRt8kEbxDhsn6VTg==",
      "dev": true,
      "dependencies": {
        "call-bind-apply-helpers": "^1.0.0",
        "dunder-proto": "^1.0.0",
        "es-define-property": "^1.0.1",
        "es-errors": "^1.3.0",
        "function-bind": "^1.1.2",
        "gopd": "^1.2.0",
        "has-symbols": "^1.1.0",
        "hasown": "^2.0.2"
      },
      "engines": {
        "node": ">= 0.4"
      },
      "funding": {
        "url": "https://github.com/sponsors/ljharb"
      }
    },
    "node_modules/gopd": {
      "version": "1.2.0",
      "resolved": "https://registry.npmjs.org/gopd/-/gopd-1.2.0.tgz",
      "integrity": "sha512-ZUKRh6/kUFoAiTAtTYPZJ3hw9wNxx+BIBOijnlG9PnrJsCcSjs1wyyD6vJpaYtgnzDrKYRSqf3OO6Rfa93xsRg==",
      "dev": true,
      "engines": {
        "node": ">= 0.4"
      },
      "funding": {
        "url": "https://github.com/sponsors/ljharb"
      }
    },
    "node_modules/has-property-descriptors": {
      "version": "1.0.2",
      "resolved": "https://registry.npmjs.org/has-property-descriptors/-/has-property-descriptors-1.0.2.tgz",
      "integrity": "sha512-55JNKuIW+vq4Ke1BjOTjM2YctQIvCT7GFzHwmfZPGo5wnrgkid0YQtnAleFSqumZm4az3n2BS+erby5ipJdgrg==",
      "dev": true,
      "dependencies": {
        "es-define-property": "^1.0.0"
      },
      "funding": {
        "url": "https://github.com/sponsors/ljharb"
      }
    },
    "node_modules/has-symbols": {
      "version": "1.1.0",
      "resolved": "https://registry.npmjs.org/has-symbols/-/has-symbols-1.1.0.tgz",
      "integrity": "sha512-1cDNdwJ2Jaohmb3sg4OmKaMBwuC48sYni5HUw2DvsC8LjGTLK9h+eb1X6RyuOHe4hT0ULCW68iomhjUoKUqlPQ==",
      "dev": true,
      "engines": {
        "node": ">= 0.4"
      },
      "funding": {
        "url": "https://github.com/sponsors/ljharb"
      }
    },
    "node_modules/hasown": {
      "version": "2.0.2",
      "resolved": "https://registry.npmjs.org/hasown/-/hasown-2.0.2.tgz",
      "integrity": "sha512-0hJU9SCPvmMzIBdZFqNPXWa6dqh7WdH0cII9y+CyS8rG3nL48Bclra9HmKhVVUHyPWNH5Y7xDwAB7bfgSjkUMQ==",
      "dev": true,
      "dependencies": {
        "function-bind": "^1.1.2"
      },
      "engines": {
        "node": ">= 0.4"
      }
    },
    "node_modules/isarray": {
      "version": "2.0.5",
      "resolved": "https://registry.npmjs.org/isarray/-/isarray-2.0.5.tgz",
      "integrity": "sha512-xHjhDr3cNBK0BzdUJSPXZntQUx/mwMS5Rw4A7lPJ90XGAO6ISP/ePDNuo0vhqOZU+UD5JoodwCAAoZQd3FeAKw==",
      "dev": true
    },
    "node_modules/json-stable-stringify": {
      "version": "1.1.1",
      "resolved": "https://registry.npmjs.org/json-stable-stringify/-/json-stable-stringify-1.1.1.tgz",
      "integrity": "sha512-SU/971Kt5qVQfJpyDveVhQ/vya+5hvrjClFOcr8c0Fq5aODJjMwutrOfCU+eCnVD5gpx1Q3fEqkyom77zH1iIg==",
      "dev": true,
      "dependencies": {
        "call-bind": "^1.0.5",
        "isarray": "^2.0.5",
        "jsonify": "^0.0.1",
        "object-keys": "^1.1.1"
      },
      "engines": {
        "node": ">= 0.4"
      },
      "funding": {
        "url": "https://github.com/sponsors/ljharb"
      }
    },
    "node_modules/jsonify": {
      "version": "0.0.1",
      "resolved": "https://registry.npmjs.org/jsonify/-/jsonify-0.0.1.tgz",
      "integrity": "sha512-2/Ki0GcmuqSrgFyelQq9M05y7PS0mEwuIzrf3f1fPqkVDVRvZrPZtVSMHxdgo8Aq0sxAOb/cr2aqqA3LeWHVPg==",
      "dev": true,
      "funding": {
        "url": "https://github.com/sponsors/ljharb"
      }
    },
    "node_modules/nunjucks": {
      "version": "3.2.4",
      "resolved": "https://registry.npmjs.org/nunjucks/-/nunjucks-3.2.4.tgz",
      "integrity": "sha512-26XRV6BhkgK0VOxfbU5cQI+ICFUtMLixv1noZn1tGU38kQH5A5nmmbk/O45xdyBhD1esk47nKrY0mvQpZIhRjQ==",
      "dev": true,
      "dependencies": {
        "a-sync-waterfall": "^1.0.0",
        "asap": "^2.0.3",
        "commander": "^5.1.0"
      },
      "bin": {
        "nunjucks-precompile": "bin/precompile"
      },
      "engines": {
        "node": ">= 6.9.0"
      },
      "peerDependencies": {
        "chokidar": "^3.3.0"
      },
      "peerDependenciesMeta": {
        "chokidar": {
          "optional": true
        }
      }
    },
    "node_modules/nunjucks/node_modules/commander": {
      "version": "5.1.0",
      "resolved": "https://registry.npmjs.org/commander/-/commander-5.1.0.tgz",
      "integrity": "sha512-P0CysNDQ7rtVw4QIQtm+MRxV66vKFSvlsQvGYXZWR3qFU0jlMKHZZZgw8e+8DSah4UDKMqnknRDQz+xuQXQ/Zg==",
      "dev": true,
      "engines": {
        "node": ">= 6"
      }
    },
    "node_modules/object-keys": {
      "version": "1.1.1",
      "resolved": "https://registry.npmjs.org/object-keys/-/object-keys-1.1.1.tgz",
      "integrity": "sha512-NuAESUOUMrlIXOfHKzD6bpPu3tYt3xvjNdRIQ+FeT0lNb4K8WR70CaDxhuNguS2XG+GjkyMwOzsN5ZktImfhLA==",
      "dev": true,
      "engines": {
        "node": ">= 0.4"
      }
    },
    "node_modules/set-function-length": {
      "version": "1.2.2",
      "resolved": "https://registry.npmjs.org/set-function-length/-/set-function-length-1.2.2.tgz",
      "integrity": "sha512-pgRc4hJ4/sNjWCSS9AmnS40x3bNMDTknHgL5UaMBTMyJnU90EgWh1Rz+MC9eFu4BuN/UwZjKQuY/1v3rM7HMfg==",
      "dev": true,
      "dependencies": {
        "define-data-property": "^1.1.4",
        "es-errors": "^1.3.0",
        "function-bind": "^1.1.2",
        "get-intrinsic": "^1.2.4",
        "gopd": "^1.0.1",
        "has-property-descriptors": "^1.0.2"
      },
      "engines": {
        "node": ">= 0.4"
      }
    },
    "node_modules/typescript": {
      "version": "5.7.2",
      "resolved": "https://registry.npmjs.org/typescript/-/typescript-5.7.2.tgz",
      "integrity": "sha512-i5t66RHxDvVN40HfDd1PsEThGNnlMCMT3jMUuoh9/0TaqWevNontacunWyN02LA9/fIbEWlcHZcgTKb9QoaLfg==",
      "dev": true,
      "peer": true,
      "bin": {
        "tsc": "bin/tsc",
        "tsserver": "bin/tsserver"
      },
      "engines": {
        "node": ">=14.17"
      }
    }
  }
}
